
Microsoft Visual Studio Solution File, Format Version 12.00
# Blend for Visual Studio Version 16
VisualStudioVersion = 16.0.31112.23
MinimumVisualStudioVersion = 10.0.40219.1
Project("{FAE04EC0-301F-11D3-BF4B-00C04F79EFBC}") = "Vany", "Vany\Vany.csproj", "{A64ABC20-E4B2-4F54-8777-3C33E289B5E6}"
EndProject
Global
	GlobalSection(SolutionConfigurationPlatforms) = preSolution
		Debug|Any CPU = Debug|Any CPU
		Release|Any CPU = Release|Any CPU
	EndGlobalSection
	GlobalSection(ProjectConfigurationPlatforms) = postSolution
		{A64ABC20-E4B2-4F54-8777-3C33E289B5E6}.Debug|Any CPU.ActiveCfg = Debug|Any CPU
		{A64ABC20-E4B2-4F54-8777-3C33E289B5E6}.Debug|Any CPU.Build.0 = Debug|Any CPU
		{A64ABC20-E4B2-4F54-8777-3C33E289B5E6}.Release|Any CPU.ActiveCfg = Release|Any CPU
		{A64ABC20-E4B2-4F54-8777-3C33E289B5E6}.Release|Any CPU.Build.0 = Release|Any CPU
	EndGlobalSection
	GlobalSection(SolutionProperties) = preSolution
		HideSolutionNode = FALSE
	EndGlobalSection
	GlobalSection(ExtensibilityGlobals) = postSolution
		SolutionGuid = {8CC65F67-535B-451D-AE88-1B51839A8C96}
	EndGlobalSection
EndGlobal
